// !$*UTF8*$!
{
	archiveVersion = 1;
	classes = {
	};
	objectVersion = 50;
	objects = {

/* Begin PBXBuildFile section */
		C02DE4C92163D63B00002CB7 /* PermCheck.m in Sources */ = {isa = PBXBuildFile; fileRef = C02DE4C82163D63B00002CB7 /* PermCheck.m */; };
		C057E222215C126D006AA3E6 /* PermMissingElem.m in Sources */ = {isa = PBXBuildFile; fileRef = C057E221215C126D006AA3E6 /* PermMissingElem.m */; };
		C057E225215C42F4006AA3E6 /* FrogJmp.m in Sources */ = {isa = PBXBuildFile; fileRef = C057E224215C42F4006AA3E6 /* FrogJmp.m */; };
		C083DDD12162A0DB009E6195 /* TapeEquilibrium.m in Sources */ = {isa = PBXBuildFile; fileRef = C083DDD02162A0DB009E6195 /* TapeEquilibrium.m */; };
		C09E20392148388100DBE15C /* OddOccurrencesInArray.m in Sources */ = {isa = PBXBuildFile; fileRef = C09E20382148388100DBE15C /* OddOccurrencesInArray.m */; };
		C09F790021470CC2008AC5EA /* main.m in Sources */ = {isa = PBXBuildFile; fileRef = C09F78FF21470CC2008AC5EA /* main.m */; };
		C09F790A21470DB6008AC5EA /* CyclicRotation.m in Sources */ = {isa = PBXBuildFile; fileRef = C09F790921470DB6008AC5EA /* CyclicRotation.m */; };
		C09F790D21470DE3008AC5EA /* CodilitySolutions.m in Sources */ = {isa = PBXBuildFile; fileRef = C09F790C21470DE3008AC5EA /* CodilitySolutions.m */; };
		C09F791021471111008AC5EA /* HackerRankSolutions.m in Sources */ = {isa = PBXBuildFile; fileRef = C09F790F21471111008AC5EA /* HackerRankSolutions.m */; };
		C0F6FEA821541DCE00F62769 /* BinaryGap.m in Sources */ = {isa = PBXBuildFile; fileRef = C0F6FEA721541DCE00F62769 /* BinaryGap.m */; };
/* End PBXBuildFile section */

/* Begin PBXCopyFilesBuildPhase section */
		C09F78FA21470CC2008AC5EA /* CopyFiles */ = {
			isa = PBXCopyFilesBuildPhase;
			buildActionMask = 2147483647;
			dstPath = /usr/share/man/man1/;
			dstSubfolderSpec = 0;
			files = (
			);
			runOnlyForDeploymentPostprocessing = 1;
		};
/* End PBXCopyFilesBuildPhase section */

/* Begin PBXFileReference section */
		C02DE4C72163D63B00002CB7 /* PermCheck.h */ = {isa = PBXFileReference; lastKnownFileType = sourcecode.c.h; path = PermCheck.h; sourceTree = "<group>"; };
		C02DE4C82163D63B00002CB7 /* PermCheck.m */ = {isa = PBXFileReference; lastKnownFileType = sourcecode.c.objc; path = PermCheck.m; sourceTree = "<group>"; };
		C057E220215C126D006AA3E6 /* PermMissingElem.h */ = {isa = PBXFileReference; lastKnownFileType = sourcecode.c.h; path = PermMissingElem.h; sourceTree = "<group>"; };
		C057E221215C126D006AA3E6 /* PermMissingElem.m */ = {isa = PBXFileReference; lastKnownFileType = sourcecode.c.objc; path = PermMissingElem.m; sourceTree = "<group>"; };
		C057E223215C42F4006AA3E6 /* FrogJmp.h */ = {isa = PBXFileReference; lastKnownFileType = sourcecode.c.h; path = FrogJmp.h; sourceTree = "<group>"; };
		C057E224215C42F4006AA3E6 /* FrogJmp.m */ = {isa = PBXFileReference; lastKnownFileType = sourcecode.c.objc; path = FrogJmp.m; sourceTree = "<group>"; };
		C083DDCF2162A0DB009E6195 /* TapeEquilibrium.h */ = {isa = PBXFileReference; lastKnownFileType = sourcecode.c.h; path = TapeEquilibrium.h; sourceTree = "<group>"; };
		C083DDD02162A0DB009E6195 /* TapeEquilibrium.m */ = {isa = PBXFileReference; lastKnownFileType = sourcecode.c.objc; path = TapeEquilibrium.m; sourceTree = "<group>"; };
		C09E20372148388100DBE15C /* OddOccurrencesInArray.h */ = {isa = PBXFileReference; lastKnownFileType = sourcecode.c.h; path = OddOccurrencesInArray.h; sourceTree = "<group>"; };
		C09E20382148388100DBE15C /* OddOccurrencesInArray.m */ = {isa = PBXFileReference; lastKnownFileType = sourcecode.c.objc; path = OddOccurrencesInArray.m; sourceTree = "<group>"; };
		C09F78FC21470CC2008AC5EA /* CSWarmingInterview */ = {isa = PBXFileReference; explicitFileType = "compiled.mach-o.executable"; includeInIndex = 0; path = CSWarmingInterview; sourceTree = BUILT_PRODUCTS_DIR; };
		C09F78FF21470CC2008AC5EA /* main.m */ = {isa = PBXFileReference; lastKnownFileType = sourcecode.c.objc; path = main.m; sourceTree = "<group>"; };
		C09F790821470DB6008AC5EA /* CyclicRotation.h */ = {isa = PBXFileReference; lastKnownFileType = sourcecode.c.h; path = CyclicRotation.h; sourceTree = "<group>"; };
		C09F790921470DB6008AC5EA /* CyclicRotation.m */ = {isa = PBXFileReference; lastKnownFileType = sourcecode.c.objc; path = CyclicRotation.m; sourceTree = "<group>"; };
		C09F790B21470DE3008AC5EA /* CodilitySolutions.h */ = {isa = PBXFileReference; lastKnownFileType = sourcecode.c.h; path = CodilitySolutions.h; sourceTree = "<group>"; };
		C09F790C21470DE3008AC5EA /* CodilitySolutions.m */ = {isa = PBXFileReference; lastKnownFileType = sourcecode.c.objc; path = CodilitySolutions.m; sourceTree = "<group>"; };
		C09F790E21471111008AC5EA /* HackerRankSolutions.h */ = {isa = PBXFileReference; lastKnownFileType = sourcecode.c.h; path = HackerRankSolutions.h; sourceTree = "<group>"; };
		C09F790F21471111008AC5EA /* HackerRankSolutions.m */ = {isa = PBXFileReference; lastKnownFileType = sourcecode.c.objc; path = HackerRankSolutions.m; sourceTree = "<group>"; };
		C0F6FEA621541DCE00F62769 /* BinaryGap.h */ = {isa = PBXFileReference; lastKnownFileType = sourcecode.c.h; path = BinaryGap.h; sourceTree = "<group>"; };
		C0F6FEA721541DCE00F62769 /* BinaryGap.m */ = {isa = PBXFileReference; lastKnownFileType = sourcecode.c.objc; path = BinaryGap.m; sourceTree = "<group>"; };
/* End PBXFileReference section */

/* Begin PBXFrameworksBuildPhase section */
		C09F78F921470CC2008AC5EA /* Frameworks */ = {
			isa = PBXFrameworksBuildPhase;
			buildActionMask = 2147483647;
			files = (
			);
			runOnlyForDeploymentPostprocessing = 0;
		};
/* End PBXFrameworksBuildPhase section */

/* Begin PBXGroup section */
		C02DE4C62163D5DA00002CB7 /* CountingElements */ = {
			isa = PBXGroup;
			children = (
				C02DE4C72163D63B00002CB7 /* PermCheck.h */,
				C02DE4C82163D63B00002CB7 /* PermCheck.m */,
			);
			path = CountingElements;
			sourceTree = "<group>";
		};
		C057E21F215C1245006AA3E6 /* TimeComplexity */ = {
			isa = PBXGroup;
			children = (
				C057E220215C126D006AA3E6 /* PermMissingElem.h */,
				C057E221215C126D006AA3E6 /* PermMissingElem.m */,
				C057E223215C42F4006AA3E6 /* FrogJmp.h */,
				C057E224215C42F4006AA3E6 /* FrogJmp.m */,
				C083DDCF2162A0DB009E6195 /* TapeEquilibrium.h */,
				C083DDD02162A0DB009E6195 /* TapeEquilibrium.m */,
			);
			path = TimeComplexity;
			sourceTree = "<group>";
		};
		C09F78F321470CC2008AC5EA = {
			isa = PBXGroup;
			children = (
				C09F78FE21470CC2008AC5EA /* CSWarmingInterview */,
				C09F78FD21470CC2008AC5EA /* Products */,
			);
			sourceTree = "<group>";
		};
		C09F78FD21470CC2008AC5EA /* Products */ = {
			isa = PBXGroup;
			children = (
				C09F78FC21470CC2008AC5EA /* CSWarmingInterview */,
			);
			name = Products;
			sourceTree = "<group>";
		};
		C09F78FE21470CC2008AC5EA /* CSWarmingInterview */ = {
			isa = PBXGroup;
			children = (
				C09F790721470CF2008AC5EA /* HackerRankChallenges */,
				C09F790621470CD2008AC5EA /* CodilityChallenges */,
				C09F78FF21470CC2008AC5EA /* main.m */,
			);
			path = CSWarmingInterview;
			sourceTree = "<group>";
		};
		C09F790621470CD2008AC5EA /* CodilityChallenges */ = {
			isa = PBXGroup;
			children = (
				C02DE4C62163D5DA00002CB7 /* CountingElements */,
				C057E21F215C1245006AA3E6 /* TimeComplexity */,
				C0F6FEA221541CF000F62769 /* Iterations */,
				C09F791121471115008AC5EA /* Arrays */,
				C09F790B21470DE3008AC5EA /* CodilitySolutions.h */,
				C09F790C21470DE3008AC5EA /* CodilitySolutions.m */,
			);
			path = CodilityChallenges;
			sourceTree = "<group>";
		};
		C09F790721470CF2008AC5EA /* HackerRankChallenges */ = {
			isa = PBXGroup;
			children = (
				C09F791221471120008AC5EA /* Arrays */,
				C09F790E21471111008AC5EA /* HackerRankSolutions.h */,
				C09F790F21471111008AC5EA /* HackerRankSolutions.m */,
			);
			path = HackerRankChallenges;
			sourceTree = "<group>";
		};
		C09F791121471115008AC5EA /* Arrays */ = {
			isa = PBXGroup;
			children = (
				C09F790821470DB6008AC5EA /* CyclicRotation.h */,
				C09F790921470DB6008AC5EA /* CyclicRotation.m */,
				C09E20372148388100DBE15C /* OddOccurrencesInArray.h */,
				C09E20382148388100DBE15C /* OddOccurrencesInArray.m */,
			);
			path = Arrays;
			sourceTree = "<group>";
		};
		C09F791221471120008AC5EA /* Arrays */ = {
			isa = PBXGroup;
			children = (
			);
			path = Arrays;
			sourceTree = "<group>";
		};
		C0F6FEA221541CF000F62769 /* Iterations */ = {
			isa = PBXGroup;
			children = (
				C0F6FEA621541DCE00F62769 /* BinaryGap.h */,
				C0F6FEA721541DCE00F62769 /* BinaryGap.m */,
			);
			path = Iterations;
			sourceTree = "<group>";
		};
/* End PBXGroup section */

/* Begin PBXNativeTarget section */
		C09F78FB21470CC2008AC5EA /* CSWarmingInterview */ = {
			isa = PBXNativeTarget;
			buildConfigurationList = C09F790321470CC2008AC5EA /* Build configuration list for PBXNativeTarget "CSWarmingInterview" */;
			buildPhases = (
				C09F78F821470CC2008AC5EA /* Sources */,
				C09F78F921470CC2008AC5EA /* Frameworks */,
				C09F78FA21470CC2008AC5EA /* CopyFiles */,
			);
			buildRules = (
			);
			dependencies = (
			);
			name = CSWarmingInterview;
			productName = CSWarmingInterview;
			productReference = C09F78FC21470CC2008AC5EA /* CSWarmingInterview */;
			productType = "com.apple.product-type.tool";
		};
/* End PBXNativeTarget section */

/* Begin PBXProject section */
		C09F78F421470CC2008AC5EA /* Project object */ = {
			isa = PBXProject;
			attributes = {
				LastUpgradeCheck = 0940;
				ORGANIZATIONNAME = "Manuel Mosso";
				TargetAttributes = {
					C09F78FB21470CC2008AC5EA = {
						CreatedOnToolsVersion = 9.4.1;
					};
				};
			};
			buildConfigurationList = C09F78F721470CC2008AC5EA /* Build configuration list for PBXProject "CSWarmingInterview" */;
			compatibilityVersion = "Xcode 9.3";
			developmentRegion = en;
			hasScannedForEncodings = 0;
			knownRegions = (
				en,
			);
			mainGroup = C09F78F321470CC2008AC5EA;
			productRefGroup = C09F78FD21470CC2008AC5EA /* Products */;
			projectDirPath = "";
			projectRoot = "";
			targets = (
				C09F78FB21470CC2008AC5EA /* CSWarmingInterview */,
			);
		};
/* End PBXProject section */

/* Begin PBXSourcesBuildPhase section */
		C09F78F821470CC2008AC5EA /* Sources */ = {
			isa = PBXSourcesBuildPhase;
			buildActionMask = 2147483647;
			files = (
				C09F790A21470DB6008AC5EA /* CyclicRotation.m in Sources */,
				C057E225215C42F4006AA3E6 /* FrogJmp.m in Sources */,
				C02DE4C92163D63B00002CB7 /* PermCheck.m in Sources */,
				C083DDD12162A0DB009E6195 /* TapeEquilibrium.m in Sources */,
				C0F6FEA821541DCE00F62769 /* BinaryGap.m in Sources */,
				C09F790D21470DE3008AC5EA /* CodilitySolutions.m in Sources */,
				C057E222215C126D006AA3E6 /* PermMissingElem.m in Sources */,
				C09F791021471111008AC5EA /* HackerRankSolutions.m in Sources */,
				C09E20392148388100DBE15C /* OddOccurrencesInArray.m in Sources */,
				C09F790021470CC2008AC5EA /* main.m in Sources */,
			);
			runOnlyForDeploymentPostprocessing = 0;
		};
/* End PBXSourcesBuildPhase section */

/* Begin XCBuildConfiguration section */
		C09F790121470CC2008AC5EA /* Debug */ = {
			isa = XCBuildConfiguration;
			buildSettings = {
				ALWAYS_SEARCH_USER_PATHS = NO;
				CLANG_ANALYZER_NONNULL = YES;
				CLANG_ANALYZER_NUMBER_OBJECT_CONVERSION = YES_AGGRESSIVE;
				CLANG_CXX_LANGUAGE_STANDARD = "gnu++14";
				CLANG_CXX_LIBRARY = "libc++";
				CLANG_ENABLE_MODULES = YES;
				CLANG_ENABLE_OBJC_ARC = YES;
				CLANG_ENABLE_OBJC_WEAK = YES;
				CLANG_WARN_BLOCK_CAPTURE_AUTORELEASING = YES;
				CLANG_WARN_BOOL_CONVERSION = YES;
				CLANG_WARN_COMMA = YES;
				CLANG_WARN_CONSTANT_CONVERSION = YES;
				CLANG_WARN_DEPRECATED_OBJC_IMPLEMENTATIONS = YES;
				CLANG_WARN_DIRECT_OBJC_ISA_USAGE = YES_ERROR;
				CLANG_WARN_DOCUMENTATION_COMMENTS = YES;
				CLANG_WARN_EMPTY_BODY = YES;
				CLANG_WARN_ENUM_CONVERSION = YES;
				CLANG_WARN_INFINITE_RECURSION = YES;
				CLANG_WARN_INT_CONVERSION = YES;
				CLANG_WARN_NON_LITERAL_NULL_CONVERSION = YES;
				CLANG_WARN_OBJC_IMPLICIT_RETAIN_SELF = YES;
				CLANG_WARN_OBJC_LITERAL_CONVERSION = YES;
				CLANG_WARN_OBJC_ROOT_CLASS = YES_ERROR;
				CLANG_WARN_RANGE_LOOP_ANALYSIS = YES;
				CLANG_WARN_STRICT_PROTOTYPES = YES;
				CLANG_WARN_SUSPICIOUS_MOVE = YES;
				CLANG_WARN_UNGUARDED_AVAILABILITY = YES_AGGRESSIVE;
				CLANG_WARN_UNREACHABLE_CODE = YES;
				CLANG_WARN__DUPLICATE_METHOD_MATCH = YES;
				CODE_SIGN_IDENTITY = "-";
				COPY_PHASE_STRIP = NO;
				DEBUG_INFORMATION_FORMAT = dwarf;
				ENABLE_STRICT_OBJC_MSGSEND = YES;
				ENABLE_TESTABILITY = YES;
				GCC_C_LANGUAGE_STANDARD = gnu11;
				GCC_DYNAMIC_NO_PIC = NO;
				GCC_NO_COMMON_BLOCKS = YES;
				GCC_OPTIMIZATION_LEVEL = 0;
				GCC_PREPROCESSOR_DEFINITIONS = (
					"DEBUG=1",
					"$(inherited)",
				);
				GCC_WARN_64_TO_32_BIT_CONVERSION = YES;
				GCC_WARN_ABOUT_RETURN_TYPE = YES_ERROR;
				GCC_WARN_UNDECLARED_SELECTOR = YES;
				GCC_WARN_UNINITIALIZED_AUTOS = YES_AGGRESSIVE;
				GCC_WARN_UNUSED_FUNCTION = YES;
				GCC_WARN_UNUSED_VARIABLE = YES;
				MACOSX_DEPLOYMENT_TARGET = 10.13;
				MTL_ENABLE_DEBUG_INFO = YES;
				ONLY_ACTIVE_ARCH = YES;
				SDKROOT = macosx;
			};
			name = Debug;
		};
		C09F790221470CC2008AC5EA /* Release */ = {
			isa = XCBuildConfiguration;
			buildSettings = {
				ALWAYS_SEARCH_USER_PATHS = NO;
				CLANG_ANALYZER_NONNULL = YES;
				CLANG_ANALYZER_NUMBER_OBJECT_CONVERSION = YES_AGGRESSIVE;
				CLANG_CXX_LANGUAGE_STANDARD = "gnu++14";
				CLANG_CXX_LIBRARY = "libc++";
				CLANG_ENABLE_MODULES = YES;
				CLANG_ENABLE_OBJC_ARC = YES;
				CLANG_ENABLE_OBJC_WEAK = YES;
				CLANG_WARN_BLOCK_CAPTURE_AUTORELEASING = YES;
				CLANG_WARN_BOOL_CONVERSION = YES;
				CLANG_WARN_COMMA = YES;
				CLANG_WARN_CONSTANT_CONVERSION = YES;
				CLANG_WARN_DEPRECATED_OBJC_IMPLEMENTATIONS = YES;
				CLANG_WARN_DIRECT_OBJC_ISA_USAGE = YES_ERROR;
				CLANG_WARN_DOCUMENTATION_COMMENTS = YES;
				CLANG_WARN_EMPTY_BODY = YES;
				CLANG_WARN_ENUM_CONVERSION = YES;
				CLANG_WARN_INFINITE_RECURSION = YES;
				CLANG_WARN_INT_CONVERSION = YES;
				CLANG_WARN_NON_LITERAL_NULL_CONVERSION = YES;
				CLANG_WARN_OBJC_IMPLICIT_RETAIN_SELF = YES;
				CLANG_WARN_OBJC_LITERAL_CONVERSION = YES;
				CLANG_WARN_OBJC_ROOT_CLASS = YES_ERROR;
				CLANG_WARN_RANGE_LOOP_ANALYSIS = YES;
				CLANG_WARN_STRICT_PROTOTYPES = YES;
				CLANG_WARN_SUSPICIOUS_MOVE = YES;
				CLANG_WARN_UNGUARDED_AVAILABILITY = YES_AGGRESSIVE;
				CLANG_WARN_UNREACHABLE_CODE = YES;
				CLANG_WARN__DUPLICATE_METHOD_MATCH = YES;
				CODE_SIGN_IDENTITY = "-";
				COPY_PHASE_STRIP = NO;
				DEBUG_INFORMATION_FORMAT = "dwarf-with-dsym";
				ENABLE_NS_ASSERTIONS = NO;
				ENABLE_STRICT_OBJC_MSGSEND = YES;
				GCC_C_LANGUAGE_STANDARD = gnu11;
				GCC_NO_COMMON_BLOCKS = YES;
				GCC_WARN_64_TO_32_BIT_CONVERSION = YES;
				GCC_WARN_ABOUT_RETURN_TYPE = YES_ERROR;
				GCC_WARN_UNDECLARED_SELECTOR = YES;
				GCC_WARN_UNINITIALIZED_AUTOS = YES_AGGRESSIVE;
				GCC_WARN_UNUSED_FUNCTION = YES;
				GCC_WARN_UNUSED_VARIABLE = YES;
				MACOSX_DEPLOYMENT_TARGET = 10.13;
				MTL_ENABLE_DEBUG_INFO = NO;
				SDKROOT = macosx;
			};
			name = Release;
		};
		C09F790421470CC2008AC5EA /* Debug */ = {
			isa = XCBuildConfiguration;
			buildSettings = {
				CODE_SIGN_STYLE = Automatic;
				PRODUCT_NAME = "$(TARGET_NAME)";
			};
			name = Debug;
		};
		C09F790521470CC2008AC5EA /* Release */ = {
			isa = XCBuildConfiguration;
			buildSettings = {
				CODE_SIGN_STYLE = Automatic;
				PRODUCT_NAME = "$(TARGET_NAME)";
			};
			name = Release;
		};
/* End XCBuildConfiguration section */

/* Begin XCConfigurationList section */
		C09F78F721470CC2008AC5EA /* Build configuration list for PBXProject "CSWarmingInterview" */ = {
			isa = XCConfigurationList;
			buildConfigurations = (
				C09F790121470CC2008AC5EA /* Debug */,
				C09F790221470CC2008AC5EA /* Release */,
			);
			defaultConfigurationIsVisible = 0;
			defaultConfigurationName = Release;
		};
		C09F790321470CC2008AC5EA /* Build configuration list for PBXNativeTarget "CSWarmingInterview" */ = {
			isa = XCConfigurationList;
			buildConfigurations = (
				C09F790421470CC2008AC5EA /* Debug */,
				C09F790521470CC2008AC5EA /* Release */,
			);
			defaultConfigurationIsVisible = 0;
			defaultConfigurationName = Release;
		};
/* End XCConfigurationList section */
	};
	rootObject = C09F78F421470CC2008AC5EA /* Project object */;
}
